{
  "name": "opencode-qwen-oauth",
  "version": "2.2.0",
  "lockfileVersion": 3,
  "requires": true,
  "packages": {
    "": {
      "name": "opencode-qwen-oauth",
      "version": "2.2.0",
      "license": "MIT",
      "dependencies": {
        "@opencode-ai/plugin": "^1.2.15"
      },
      "bin": {
        "opencode-qwen-oauth": "bin/install.js"
      },
      "devDependencies": {
        "@types/node": "^20.10.0",
        "typescript": "^5.3.0"
      },
      "engines": {
        "node": ">=18.0.0"
      },
      "peerDependencies": {
        "@ai-sdk/openai-compatible": "^0.0.1"
      },
      "peerDependenciesMeta": {
        "@ai-sdk/openai-compatible": {
          "optional": true
        }
      }
    },
    "node_modules/@opencode-ai/plugin": {
      "version": "1.2.15",
      "resolved": "https://registry.npmjs.org/@opencode-ai/plugin/-/plugin-1.2.15.tgz",
      "integrity": "sha512-mh9S05W+CZZmo6q3uIEBubS66QVgiev7fRafX7vemrCfz+3pEIkSwipLjU/sxIewC9yLiDWLqS73DH/iEQzVDw==",
      "license": "MIT",
      "dependencies": {
        "@opencode-ai/sdk": "1.2.15",
        "zod": "4.1.8"
      }
    },
    "node_modules/@opencode-ai/sdk": {
      "version": "1.2.15",
      "resolved": "https://registry.npmjs.org/@opencode-ai/sdk/-/sdk-1.2.15.tgz",
      "integrity": "sha512-NUJNlyBCdZ4R0EBLjJziEQOp2XbRPJosaMcTcWSWO5XJPKGUpz0u8ql+5cR8K+v2RJ+hp2NobtNwpjEYfe6BRQ==",
      "license": "MIT"
    },
    "node_modules/@types/node": {
      "version": "20.19.35",
      "resolved": "https://registry.npmjs.org/@types/node/-/node-20.19.35.tgz",
      "integrity": "sha512-Uarfe6J91b9HAUXxjvSOdiO2UPOKLm07Q1oh0JHxoZ1y8HoqxDAu3gVrsrOHeiio0kSsoVBt4wFrKOm0dKxVPQ==",
      "dev": true,
      "license": "MIT",
      "dependencies": {
        "undici-types": "~6.21.0"
      }
    },
    "node_modules/typescript": {
      "version": "5.9.3",
      "resolved": "https://registry.npmjs.org/typescript/-/typescript-5.9.3.tgz",
      "integrity": "sha512-jl1vZzPDinLr9eUt3J/t7V6FgNEw9QjvBPdysz9KfQDD41fQrC2Y4vKQdiaUpFT4bXlb1RHhLpp8wtm6M5TgSw==",
      "dev": true,
      "license": "Apache-2.0",
      "bin": {
        "tsc": "bin/tsc",
        "tsserver": "bin/tsserver"
      },
      "engines": {
        "node": ">=14.17"
      }
    },
    "node_modules/undici-types": {
      "version": "6.21.0",
      "resolved": "https://registry.npmjs.org/undici-types/-/undici-types-6.21.0.tgz",
      "integrity": "sha512-iwDZqg0QAGrg9Rav5H4n0M64c3mkR59cJ6wQp+7C4nI0gsmExaedaYLNO44eT4AtBBwjbTiGPMlt2Md0T9H9JQ==",
      "dev": true,
      "license": "MIT"
    },
    "node_modules/zod": {
      "version": "4.1.8",
      "resolved": "https://registry.npmjs.org/zod/-/zod-4.1.8.tgz",
      "integrity": "sha512-5R1P+WwQqmmMIEACyzSvo4JXHY5WiAFHRMg+zBZKgKS+Q1viRa0C1hmUKtHltoIFKtIdki3pRxkmpP74jnNYHQ==",
      "license": "MIT",
      "funding": {
        "url": "https://github.com/sponsors/colinhacks"
      }
    }
  }
}
